<?xml version="1.0" encoding="utf-8"?>
<Project ToolsVersion="4.0" xmlns="http://schemas.microsoft.com/developer/msbuild/2003">
  <ItemGroup>
    <Filter Include="Source Files">
      <UniqueIdentifier>{4FC737F1-C7A5-4376-A066-2A32D752A2FF}</UniqueIdentifier>
      <Extensions>cpp;c;cc;cxx;def;odl;idl;hpj;bat;asm;asmx</Extensions>
    </Filter>
    <Filter Include="Header Files">
      <UniqueIdentifier>{93995380-89BD-4b04-88EB-625FBE52EBFB}</UniqueIdentifier>
      <Extensions>h;hh;hpp;hxx;hm;inl;inc;xsd</Extensions>
    </Filter>
    <Filter Include="Resource Files">
      <UniqueIdentifier>{67DA6AB6-F800-4c08-8B7A-83BB121AAD01}</UniqueIdentifier>
      <Extensions>rc;ico;cur;bmp;dlg;rc2;rct;bin;rgs;gif;jpg;jpeg;jpe;resx;tiff;tif;png;wav;mfcribbon-ms</Extensions>
    </Filter>
    <Filter Include="Source Files\core">
      <UniqueIdentifier>{f4a409ae-ae47-4327-85f6-8302f5c6634f}</UniqueIdentifier>
    </Filter>
    <Filter Include="Source Files\layers">
      <UniqueIdentifier>{40974eef-7da7-4e16-abbe-f6a7a345b606}</UniqueIdentifier>
    </Filter>
    <Filter Include="Source Files\tests">
      <UniqueIdentifier>{264a4aab-1ad1-4bd6-a713-5ca3b08d7aea}</UniqueIdentifier>
    </Filter>
    <Filter Include="Source Files\activations">
      <UniqueIdentifier>{87e4b2a9-e6d9-4582-9932-e925b881a8ca}</UniqueIdentifier>
    </Filter>
    <Filter Include="Header Files\layers">
      <UniqueIdentifier>{a4fc78f7-ed0e-4cfd-8753-3120df359332}</UniqueIdentifier>
    </Filter>
    <Filter Include="Header Files\tests">
      <UniqueIdentifier>{6dacdc27-b887-4f33-af67-f345f15a5e16}</UniqueIdentifier>
    </Filter>
  </ItemGroup>
  <ItemGroup>
    <ClCompile Include="main.cpp">
      <Filter>Source Files</Filter>
    </ClCompile>
    <ClCompile Include="tensor3D.h">
      <Filter>Source Files\core</Filter>
    </ClCompile>
    <ClCompile Include="Layer.cpp">
      <Filter>Source Files\layers</Filter>
    </ClCompile>
    <ClCompile Include="TestTensor.cpp">
      <Filter>Source Files\tests</Filter>
    </ClCompile>
    <ClCompile Include="ReLU.cpp">
      <Filter>Source Files\layers</Filter>
    </ClCompile>
    <ClCompile Include="TestReLU.cpp">
      <Filter>Source Files\tests</Filter>
    </ClCompile>
    <ClCompile Include="MaxPool.cpp">
      <Filter>Source Files\layers</Filter>
    </ClCompile>
    <ClCompile Include="TestMaxPool.cpp">
      <Filter>Source Files\tests</Filter>
    </ClCompile>
    <ClCompile Include="TestNet.cpp">
      <Filter>Source Files\tests</Filter>
    </ClCompile>
    <ClCompile Include="TestConv.cpp">
      <Filter>Source Files\tests</Filter>
    </ClCompile>
    <ClCompile Include="Conv.cpp">
      <Filter>Source Files\layers</Filter>
    </ClCompile>
    <ClCompile Include="FC.cpp">
      <Filter>Source Files\layers</Filter>
    </ClCompile>
    <ClCompile Include="TestFC.cpp">
      <Filter>Source Files\tests</Filter>
    </ClCompile>
  </ItemGroup>
  <ItemGroup>
    <ClInclude Include="Layer.h">
      <Filter>Header Files\layers</Filter>
    </ClInclude>
    <ClInclude Include="ReLU.h">
      <Filter>Header Files\layers</Filter>
    </ClInclude>
    <ClInclude Include="TestTensor.h">
      <Filter>Header Files\tests</Filter>
    </ClInclude>
    <ClInclude Include="TestReLU.h">
      <Filter>Header Files\tests</Filter>
    </ClInclude>
    <ClInclude Include="MaxPool.h">
      <Filter>Header Files\layers</Filter>
    </ClInclude>
    <ClInclude Include="TestMaxPool.h">
      <Filter>Header Files\tests</Filter>
    </ClInclude>
    <ClInclude Include="Utils.h">
      <Filter>Header Files</Filter>
    </ClInclude>
    <ClInclude Include="TestNet.h">
      <Filter>Header Files\tests</Filter>
    </ClInclude>
    <ClInclude Include="TestConv.h">
      <Filter>Header Files\tests</Filter>
    </ClInclude>
    <ClInclude Include="Conv.h">
      <Filter>Header Files\layers</Filter>
    </ClInclude>
    <ClInclude Include="TestFC.h">
      <Filter>Header Files\tests</Filter>
    </ClInclude>
    <ClInclude Include="FC.h">
      <Filter>Source Files\layers</Filter>
    </ClInclude>
  </ItemGroup>
</Project>